// !$*UTF8*$!
{
	archiveVersion = 1;
	classes = {
	};
	objectVersion = 48;
	objects = {

/* Begin PBXBuildFile section */
		774EB834207CF0C500106E26 /* 1.jpg in Resources */ = {isa = PBXBuildFile; fileRef = 774EB833207CF0C500106E26 /* 1.jpg */; };
		774EB836207CF0DC00106E26 /* 3.jpg in Resources */ = {isa = PBXBuildFile; fileRef = 774EB835207CF0DC00106E26 /* 3.jpg */; };
		774EB838207CF0EE00106E26 /* 0.jpg in Resources */ = {isa = PBXBuildFile; fileRef = 774EB837207CF0EE00106E26 /* 0.jpg */; };
		77F929B1207B3B700091F1B9 /* AppDelegate.swift in Sources */ = {isa = PBXBuildFile; fileRef = 77F929B0207B3B700091F1B9 /* AppDelegate.swift */; };
		77F929B3207B3B700091F1B9 /* ViewController.swift in Sources */ = {isa = PBXBuildFile; fileRef = 77F929B2207B3B700091F1B9 /* ViewController.swift */; };
		77F929B6207B3B700091F1B9 /* Main.storyboard in Resources */ = {isa = PBXBuildFile; fileRef = 77F929B4207B3B700091F1B9 /* Main.storyboard */; };
		77F929B8207B3B700091F1B9 /* Assets.xcassets in Resources */ = {isa = PBXBuildFile; fileRef = 77F929B7207B3B700091F1B9 /* Assets.xcassets */; };
		77F929BB207B3B700091F1B9 /* LaunchScreen.storyboard in Resources */ = {isa = PBXBuildFile; fileRef = 77F929B9207B3B700091F1B9 /* LaunchScreen.storyboard */; };
/* End PBXBuildFile section */

/* Begin PBXFileReference section */
		774EB833207CF0C500106E26 /* 1.jpg */ = {isa = PBXFileReference; lastKnownFileType = image.jpeg; name = 1.jpg; path = ../../../../Downloads/1.jpg; sourceTree = "<group>"; };
		774EB835207CF0DC00106E26 /* 3.jpg */ = {isa = PBXFileReference; lastKnownFileType = image.jpeg; name = 3.jpg; path = ../../../../Documents/3.jpg; sourceTree = "<group>"; };
		774EB837207CF0EE00106E26 /* 0.jpg */ = {isa = PBXFileReference; lastKnownFileType = image.jpeg; name = 0.jpg; path = ../../../../Documents/0.jpg; sourceTree = "<group>"; };
		77F929AD207B3B700091F1B9 /* SegmentedTableView.app */ = {isa = PBXFileReference; explicitFileType = wrapper.application; includeInIndex = 0; path = SegmentedTableView.app; sourceTree = BUILT_PRODUCTS_DIR; };
		77F929B0207B3B700091F1B9 /* AppDelegate.swift */ = {isa = PBXFileReference; lastKnownFileType = sourcecode.swift; path = AppDelegate.swift; sourceTree = "<group>"; };
		77F929B2207B3B700091F1B9 /* ViewController.swift */ = {isa = PBXFileReference; lastKnownFileType = sourcecode.swift; path = ViewController.swift; sourceTree = "<group>"; };
		77F929B5207B3B700091F1B9 /* Base */ = {isa = PBXFileReference; lastKnownFileType = file.storyboard; name = Base; path = Base.lproj/Main.storyboard; sourceTree = "<group>"; };
		77F929B7207B3B700091F1B9 /* Assets.xcassets */ = {isa = PBXFileReference; lastKnownFileType = folder.assetcatalog; path = Assets.xcassets; sourceTree = "<group>"; };
		77F929BA207B3B700091F1B9 /* Base */ = {isa = PBXFileReference; lastKnownFileType = file.storyboard; name = Base; path = Base.lproj/LaunchScreen.storyboard; sourceTree = "<group>"; };
		77F929BC207B3B700091F1B9 /* Info.plist */ = {isa = PBXFileReference; lastKnownFileType = text.plist.xml; path = Info.plist; sourceTree = "<group>"; };
		77F929CA207B43850091F1B9 /* ButtonGradient.swift */ = {isa = PBXFileReference; lastKnownFileType = sourcecode.swift; path = ButtonGradient.swift; sourceTree = "<group>"; };
/* End PBXFileReference section */

/* Begin PBXFrameworksBuildPhase section */
		77F929AA207B3B6F0091F1B9 /* Frameworks */ = {
			isa = PBXFrameworksBuildPhase;
			buildActionMask = 2147483647;
			files = (
			);
			runOnlyForDeploymentPostprocessing = 0;
		};
/* End PBXFrameworksBuildPhase section */

/* Begin PBXGroup section */
		77F929A4207B3B6F0091F1B9 = {
			isa = PBXGroup;
			children = (
				77F929AF207B3B700091F1B9 /* SegmentedTableView */,
				77F929AE207B3B700091F1B9 /* Products */,
				E917437DF3F35AB5D1A6FF9F /* Frameworks */,
			);
			sourceTree = "<group>";
		};
		77F929AE207B3B700091F1B9 /* Products */ = {
			isa = PBXGroup;
			children = (
				77F929AD207B3B700091F1B9 /* SegmentedTableView.app */,
			);
			name = Products;
			sourceTree = "<group>";
		};
		77F929AF207B3B700091F1B9 /* SegmentedTableView */ = {
			isa = PBXGroup;
			children = (
				77F929B0207B3B700091F1B9 /* AppDelegate.swift */,
				77F929B2207B3B700091F1B9 /* ViewController.swift */,
				77F929CA207B43850091F1B9 /* ButtonGradient.swift */,
				77F929B4207B3B700091F1B9 /* Main.storyboard */,
				77F929B9207B3B700091F1B9 /* LaunchScreen.storyboard */,
				77F929B7207B3B700091F1B9 /* Assets.xcassets */,
				774EB833207CF0C500106E26 /* 1.jpg */,
				774EB837207CF0EE00106E26 /* 0.jpg */,
				774EB835207CF0DC00106E26 /* 3.jpg */,
				77F929BC207B3B700091F1B9 /* Info.plist */,
			);
			path = SegmentedTableView;
			sourceTree = "<group>";
		};
		E917437DF3F35AB5D1A6FF9F /* Frameworks */ = {
			isa = PBXGroup;
			children = (
			);
			name = Frameworks;
			sourceTree = "<group>";
		};
/* End PBXGroup section */

/* Begin PBXNativeTarget section */
		77F929AC207B3B6F0091F1B9 /* SegmentedTableView */ = {
			isa = PBXNativeTarget;
			buildConfigurationList = 77F929BF207B3B700091F1B9 /* Build configuration list for PBXNativeTarget "SegmentedTableView" */;
			buildPhases = (
				8B52F772605DA952E4A07891 /* [CP] Check Pods Manifest.lock */,
				77F929A9207B3B6F0091F1B9 /* Sources */,
				77F929AA207B3B6F0091F1B9 /* Frameworks */,
				77F929AB207B3B6F0091F1B9 /* Resources */,
				8F6E42C8870FBBEEE70664A5 /* [CP] Embed Pods Frameworks */,
				8E584C8709DAA0C62F468DF6 /* [CP] Copy Pods Resources */,
			);
			buildRules = (
			);
			dependencies = (
			);
			name = SegmentedTableView;
			productName = SegmentedTableView;
			productReference = 77F929AD207B3B700091F1B9 /* SegmentedTableView.app */;
			productType = "com.apple.product-type.application";
		};
/* End PBXNativeTarget section */

/* Begin PBXProject section */
		77F929A5207B3B6F0091F1B9 /* Project object */ = {
			isa = PBXProject;
			attributes = {
				KnownAssetTags = (
					New,
				);
				LastSwiftUpdateCheck = 0920;
				LastUpgradeCheck = 0920;
				ORGANIZATIONNAME = "Appinventiv-PC";
				TargetAttributes = {
					77F929AC207B3B6F0091F1B9 = {
						CreatedOnToolsVersion = 9.2;
						ProvisioningStyle = Automatic;
					};
				};
			};
			buildConfigurationList = 77F929A8207B3B6F0091F1B9 /* Build configuration list for PBXProject "SegmentedTableView" */;
			compatibilityVersion = "Xcode 8.0";
			developmentRegion = en;
			hasScannedForEncodings = 0;
			knownRegions = (
				en,
				Base,
			);
			mainGroup = 77F929A4207B3B6F0091F1B9;
			productRefGroup = 77F929AE207B3B700091F1B9 /* Products */;
			projectDirPath = "";
			projectRoot = "";
			targets = (
				77F929AC207B3B6F0091F1B9 /* SegmentedTableView */,
			);
		};
/* End PBXProject section */

/* Begin PBXResourcesBuildPhase section */
		77F929AB207B3B6F0091F1B9 /* Resources */ = {
			isa = PBXResourcesBuildPhase;
			buildActionMask = 2147483647;
			files = (
				774EB836207CF0DC00106E26 /* 3.jpg in Resources */,
				77F929BB207B3B700091F1B9 /* LaunchScreen.storyboard in Resources */,
				774EB838207CF0EE00106E26 /* 0.jpg in Resources */,
				77F929B8207B3B700091F1B9 /* Assets.xcassets in Resources */,
				774EB834207CF0C500106E26 /* 1.jpg in Resources */,
				77F929B6207B3B700091F1B9 /* Main.storyboard in Resources */,
			);
			runOnlyForDeploymentPostprocessing = 0;
		};
/* End PBXResourcesBuildPhase section */

/* Begin PBXShellScriptBuildPhase section */
		8B52F772605DA952E4A07891 /* [CP] Check Pods Manifest.lock */ = {
			isa = PBXShellScriptBuildPhase;
			buildActionMask = 2147483647;
			files = (
			);
			inputPaths = (
			);
			name = "[CP] Check Pods Manifest.lock";
			outputPaths = (
			);
			runOnlyForDeploymentPostprocessing = 0;
			shellPath = /bin/sh;
			shellScript = "";
		};
		8E584C8709DAA0C62F468DF6 /* [CP] Copy Pods Resources */ = {
			isa = PBXShellScriptBuildPhase;
			buildActionMask = 2147483647;
			files = (
			);
			inputPaths = (
			);
			name = "[CP] Copy Pods Resources";
			outputPaths = (
			);
			runOnlyForDeploymentPostprocessing = 0;
			shellPath = /bin/sh;
			shellScript = "


";
			showEnvVarsInLog = 0;
		};
		8F6E42C8870FBBEEE70664A5 /* [CP] Embed Pods Frameworks */ = {
			isa = PBXShellScriptBuildPhase;
			buildActionMask = 2147483647;
			files = (
			);
			inputPaths = (
			);
			name = "[CP] Embed Pods Frameworks";
			outputPaths = (
			);
			runOnlyForDeploymentPostprocessing = 0;
			shellPath = /bin/sh;
			shellScript = "
";
			showEnvVarsInLog = 0;
		};
/* End PBXShellScriptBuildPhase section */

/* Begin PBXSourcesBuildPhase section */
		77F929A9207B3B6F0091F1B9 /* Sources */ = {
			isa = PBXSourcesBuildPhase;
			buildActionMask = 2147483647;
			files = (
				77F929B3207B3B700091F1B9 /* ViewController.swift in Sources */,
				77F929B1207B3B700091F1B9 /* AppDelegate.swift in Sources */,
			);
			runOnlyForDeploymentPostprocessing = 0;
		};
/* End PBXSourcesBuildPhase section */

/* Begin PBXVariantGroup section */
		77F929B4207B3B700091F1B9 /* Main.storyboard */ = {
			isa = PBXVariantGroup;
			children = (
				77F929B5207B3B700091F1B9 /* Base */,
			);
			name = Main.storyboard;
			sourceTree = "<group>";
		};
		77F929B9207B3B700091F1B9 /* LaunchScreen.storyboard */ = {
			isa = PBXVariantGroup;
			children = (
				77F929BA207B3B700091F1B9 /* Base */,
			);
			name = LaunchScreen.storyboard;
			sourceTree = "<group>";
		};
/* End PBXVariantGroup section */

/* Begin XCBuildConfiguration section */
		77F929BD207B3B700091F1B9 /* Debug */ = {
			isa = XCBuildConfiguration;
			buildSettings = {
				ALWAYS_SEARCH_USER_PATHS = NO;
				CLANG_ANALYZER_NONNULL = YES;
				CLANG_ANALYZER_NUMBER_OBJECT_CONVERSION = YES_AGGRESSIVE;
				CLANG_CXX_LANGUAGE_STANDARD = "gnu++14";
				CLANG_CXX_LIBRARY = "libc++";
				CLANG_ENABLE_MODULES = YES;
				CLANG_ENABLE_OBJC_ARC = YES;
				CLANG_WARN_BLOCK_CAPTURE_AUTORELEASING = YES;
				CLANG_WARN_BOOL_CONVERSION = YES;
				CLANG_WARN_COMMA = YES;
				CLANG_WARN_CONSTANT_CONVERSION = YES;
				CLANG_WARN_DIRECT_OBJC_ISA_USAGE = YES_ERROR;
				CLANG_WARN_DOCUMENTATION_COMMENTS = YES;
				CLANG_WARN_EMPTY_BODY = YES;
				CLANG_WARN_ENUM_CONVERSION = YES;
				CLANG_WARN_INFINITE_RECURSION = YES;
				CLANG_WARN_INT_CONVERSION = YES;
				CLANG_WARN_NON_LITERAL_NULL_CONVERSION = YES;
				CLANG_WARN_OBJC_LITERAL_CONVERSION = YES;
				CLANG_WARN_OBJC_ROOT_CLASS = YES_ERROR;
				CLANG_WARN_RANGE_LOOP_ANALYSIS = YES;
				CLANG_WARN_STRICT_PROTOTYPES = YES;
				CLANG_WARN_SUSPICIOUS_MOVE = YES;
				CLANG_WARN_UNGUARDED_AVAILABILITY = YES_AGGRESSIVE;
				CLANG_WARN_UNREACHABLE_CODE = YES;
				CLANG_WARN__DUPLICATE_METHOD_MATCH = YES;
				CODE_SIGN_IDENTITY = "iPhone Developer";
				COPY_PHASE_STRIP = NO;
				DEBUG_INFORMATION_FORMAT = dwarf;
				ENABLE_STRICT_OBJC_MSGSEND = YES;
				ENABLE_TESTABILITY = YES;
				GCC_C_LANGUAGE_STANDARD = gnu11;
				GCC_DYNAMIC_NO_PIC = NO;
				GCC_NO_COMMON_BLOCKS = YES;
				GCC_OPTIMIZATION_LEVEL = 0;
				GCC_PREPROCESSOR_DEFINITIONS = (
					"DEBUG=1",
					"$(inherited)",
				);
				GCC_WARN_64_TO_32_BIT_CONVERSION = YES;
				GCC_WARN_ABOUT_RETURN_TYPE = YES_ERROR;
				GCC_WARN_UNDECLARED_SELECTOR = YES;
				GCC_WARN_UNINITIALIZED_AUTOS = YES_AGGRESSIVE;
				GCC_WARN_UNUSED_FUNCTION = YES;
				GCC_WARN_UNUSED_VARIABLE = YES;
				IPHONEOS_DEPLOYMENT_TARGET = 11.2;
				MTL_ENABLE_DEBUG_INFO = YES;
				ONLY_ACTIVE_ARCH = YES;
				SDKROOT = iphoneos;
				SWIFT_ACTIVE_COMPILATION_CONDITIONS = DEBUG;
				SWIFT_OPTIMIZATION_LEVEL = "-Onone";
			};
			name = Debug;
		};
		77F929BE207B3B700091F1B9 /* Release */ = {
			isa = XCBuildConfiguration;
			buildSettings = {
				ALWAYS_SEARCH_USER_PATHS = NO;
				CLANG_ANALYZER_NONNULL = YES;
				CLANG_ANALYZER_NUMBER_OBJECT_CONVERSION = YES_AGGRESSIVE;
				CLANG_CXX_LANGUAGE_STANDARD = "gnu++14";
				CLANG_CXX_LIBRARY = "libc++";
				CLANG_ENABLE_MODULES = YES;
				CLANG_ENABLE_OBJC_ARC = YES;
				CLANG_WARN_BLOCK_CAPTURE_AUTORELEASING = YES;
				CLANG_WARN_BOOL_CONVERSION = YES;
				CLANG_WARN_COMMA = YES;
				CLANG_WARN_CONSTANT_CONVERSION = YES;
				CLANG_WARN_DIRECT_OBJC_ISA_USAGE = YES_ERROR;
				CLANG_WARN_DOCUMENTATION_COMMENTS = YES;
				CLANG_WARN_EMPTY_BODY = YES;
				CLANG_WARN_ENUM_CONVERSION = YES;
				CLANG_WARN_INFINITE_RECURSION = YES;
				CLANG_WARN_INT_CONVERSION = YES;
				CLANG_WARN_NON_LITERAL_NULL_CONVERSION = YES;
				CLANG_WARN_OBJC_LITERAL_CONVERSION = YES;
				CLANG_WARN_OBJC_ROOT_CLASS = YES_ERROR;
				CLANG_WARN_RANGE_LOOP_ANALYSIS = YES;
				CLANG_WARN_STRICT_PROTOTYPES = YES;
				CLANG_WARN_SUSPICIOUS_MOVE = YES;
				CLANG_WARN_UNGUARDED_AVAILABILITY = YES_AGGRESSIVE;
				CLANG_WARN_UNREACHABLE_CODE = YES;
				CLANG_WARN__DUPLICATE_METHOD_MATCH = YES;
				CODE_SIGN_IDENTITY = "iPhone Developer";
				COPY_PHASE_STRIP = NO;
				DEBUG_INFORMATION_FORMAT = "dwarf-with-dsym";
				ENABLE_NS_ASSERTIONS = NO;
				ENABLE_STRICT_OBJC_MSGSEND = YES;
				GCC_C_LANGUAGE_STANDARD = gnu11;
				GCC_NO_COMMON_BLOCKS = YES;
				GCC_WARN_64_TO_32_BIT_CONVERSION = YES;
				GCC_WARN_ABOUT_RETURN_TYPE = YES_ERROR;
				GCC_WARN_UNDECLARED_SELECTOR = YES;
				GCC_WARN_UNINITIALIZED_AUTOS = YES_AGGRESSIVE;
				GCC_WARN_UNUSED_FUNCTION = YES;
				GCC_WARN_UNUSED_VARIABLE = YES;
				IPHONEOS_DEPLOYMENT_TARGET = 11.2;
				MTL_ENABLE_DEBUG_INFO = NO;
				SDKROOT = iphoneos;
				SWIFT_OPTIMIZATION_LEVEL = "-Owholemodule";
				VALIDATE_PRODUCT = YES;
			};
			name = Release;
		};
		77F929C0207B3B700091F1B9 /* Debug */ = {
			isa = XCBuildConfiguration;
			buildSettings = {
				ASSETCATALOG_COMPILER_APPICON_NAME = AppIcon;
				CODE_SIGN_STYLE = Automatic;
				INFOPLIST_FILE = SegmentedTableView/Info.plist;
				LD_RUNPATH_SEARCH_PATHS = "$(inherited) @executable_path/Frameworks";
				PRODUCT_BUNDLE_IDENTIFIER = com.appinventiv.SegmentedTableView;
				PRODUCT_NAME = "$(TARGET_NAME)";
				SWIFT_VERSION = 4.0;
				TARGETED_DEVICE_FAMILY = "1,2";
			};
			name = Debug;
		};
		77F929C1207B3B700091F1B9 /* Release */ = {
			isa = XCBuildConfiguration;
			buildSettings = {
				ASSETCATALOG_COMPILER_APPICON_NAME = AppIcon;
				CODE_SIGN_STYLE = Automatic;
				INFOPLIST_FILE = SegmentedTableView/Info.plist;
				LD_RUNPATH_SEARCH_PATHS = "$(inherited) @executable_path/Frameworks";
				PRODUCT_BUNDLE_IDENTIFIER = com.appinventiv.SegmentedTableView;
				PRODUCT_NAME = "$(TARGET_NAME)";
				SWIFT_VERSION = 4.0;
				TARGETED_DEVICE_FAMILY = "1,2";
			};
			name = Release;
		};
/* End XCBuildConfiguration section */

/* Begin XCConfigurationList section */
		77F929A8207B3B6F0091F1B9 /* Build configuration list for PBXProject "SegmentedTableView" */ = {
			isa = XCConfigurationList;
			buildConfigurations = (
				77F929BD207B3B700091F1B9 /* Debug */,
				77F929BE207B3B700091F1B9 /* Release */,
			);
			defaultConfigurationIsVisible = 0;
			defaultConfigurationName = Release;
		};
		77F929BF207B3B700091F1B9 /* Build configuration list for PBXNativeTarget "SegmentedTableView" */ = {
			isa = XCConfigurationList;
			buildConfigurations = (
				77F929C0207B3B700091F1B9 /* Debug */,
				77F929C1207B3B700091F1B9 /* Release */,
			);
			defaultConfigurationIsVisible = 0;
			defaultConfigurationName = Release;
		};
/* End XCConfigurationList section */
	};
	rootObject = 77F929A5207B3B6F0091F1B9 /* Project object */;
}
